{
    "name": "tsa_crawler",
    "lockfileVersion": 3,
    "requires": true,
    "packages": {
        "": {
            "name": "tsa_crawler",
            "dependencies": {
                "@corpus-core/colibri-stateless": "^3.0.0"
            }
        },
        "node_modules/@corpus-core/colibri-stateless": {
            "version": "3.0.0",
            "resolved": "https://registry.npmjs.org/@corpus-core/colibri-stateless/-/colibri-stateless-3.0.0.tgz",
            "integrity": "sha512-i81dTM5gDJrEp6Jz+bdhbvNhuFTCHKEj95hCsbI9826/FF/amIIvJ+Hx+0EEI/Q35zA9S3bcmhjIbtKwpqa+WA==",
            "license": "MIT"
        }
    }
}
